
Microsoft Visual Studio Solution File, Format Version 12.00
# Visual Studio Version 16
VisualStudioVersion = 16.0.30104.148
MinimumVisualStudioVersion = 10.0.40219.1
Project("{FAE04EC0-301F-11D3-BF4B-00C04F79EFBC}") = "WebOroGold", "WebOroGold\WebOroGold.csproj", "{9A9C428C-BA14-4447-A14D-145099EE29BD}"
EndProject
Project("{2150E333-8FDC-42A3-9474-1A3956D46DE8}") = "UI", "UI", "{05F63761-A823-4A54-BF65-335FC3764DF2}"
EndProject
Project("{2150E333-8FDC-42A3-9474-1A3956D46DE8}") = "Datos", "Datos", "{DB19DA9E-C707-4A4E-B0D1-B0D44D4B532D}"
EndProject
Project("{2150E333-8FDC-42A3-9474-1A3956D46DE8}") = "Negocios", "Negocios", "{31E010FC-A3AE-4A2B-99F3-06147C281DC5}"
EndProject
Project("{FAE04EC0-301F-11D3-BF4B-00C04F79EFBC}") = "DataGolden", "DataGolden\DataGolden.csproj", "{13077D2E-F351-4730-88A6-49837B6ADFA4}"
EndProject
Project("{FAE04EC0-301F-11D3-BF4B-00C04F79EFBC}") = "BusinessGolden", "BusinessGolden\BusinessGolden.csproj", "{1B41EF71-FE13-423C-8303-BFE5CB959E14}"
EndProject
Project("{FAE04EC0-301F-11D3-BF4B-00C04F79EFBC}") = "EntityGolden", "EntityGolden\EntityGolden.csproj", "{48E7D464-F2AC-45FC-A602-15E92C1B6154}"
EndProject
Global
	GlobalSection(SolutionConfigurationPlatforms) = preSolution
		Debug|Any CPU = Debug|Any CPU
		Release|Any CPU = Release|Any CPU
	EndGlobalSection
	GlobalSection(ProjectConfigurationPlatforms) = postSolution
		{9A9C428C-BA14-4447-A14D-145099EE29BD}.Debug|Any CPU.ActiveCfg = Debug|Any CPU
		{9A9C428C-BA14-4447-A14D-145099EE29BD}.Debug|Any CPU.Build.0 = Debug|Any CPU
		{9A9C428C-BA14-4447-A14D-145099EE29BD}.Release|Any CPU.ActiveCfg = Release|Any CPU
		{9A9C428C-BA14-4447-A14D-145099EE29BD}.Release|Any CPU.Build.0 = Release|Any CPU
		{13077D2E-F351-4730-88A6-49837B6ADFA4}.Debug|Any CPU.ActiveCfg = Debug|Any CPU
		{13077D2E-F351-4730-88A6-49837B6ADFA4}.Debug|Any CPU.Build.0 = Debug|Any CPU
		{13077D2E-F351-4730-88A6-49837B6ADFA4}.Release|Any CPU.ActiveCfg = Release|Any CPU
		{13077D2E-F351-4730-88A6-49837B6ADFA4}.Release|Any CPU.Build.0 = Release|Any CPU
		{1B41EF71-FE13-423C-8303-BFE5CB959E14}.Debug|Any CPU.ActiveCfg = Debug|Any CPU
		{1B41EF71-FE13-423C-8303-BFE5CB959E14}.Debug|Any CPU.Build.0 = Debug|Any CPU
		{1B41EF71-FE13-423C-8303-BFE5CB959E14}.Release|Any CPU.ActiveCfg = Release|Any CPU
		{1B41EF71-FE13-423C-8303-BFE5CB959E14}.Release|Any CPU.Build.0 = Release|Any CPU
		{48E7D464-F2AC-45FC-A602-15E92C1B6154}.Debug|Any CPU.ActiveCfg = Debug|Any CPU
		{48E7D464-F2AC-45FC-A602-15E92C1B6154}.Debug|Any CPU.Build.0 = Debug|Any CPU
		{48E7D464-F2AC-45FC-A602-15E92C1B6154}.Release|Any CPU.ActiveCfg = Release|Any CPU
		{48E7D464-F2AC-45FC-A602-15E92C1B6154}.Release|Any CPU.Build.0 = Release|Any CPU
	EndGlobalSection
	GlobalSection(SolutionProperties) = preSolution
		HideSolutionNode = FALSE
	EndGlobalSection
	GlobalSection(NestedProjects) = preSolution
		{9A9C428C-BA14-4447-A14D-145099EE29BD} = {05F63761-A823-4A54-BF65-335FC3764DF2}
		{13077D2E-F351-4730-88A6-49837B6ADFA4} = {DB19DA9E-C707-4A4E-B0D1-B0D44D4B532D}
		{1B41EF71-FE13-423C-8303-BFE5CB959E14} = {31E010FC-A3AE-4A2B-99F3-06147C281DC5}
		{48E7D464-F2AC-45FC-A602-15E92C1B6154} = {31E010FC-A3AE-4A2B-99F3-06147C281DC5}
	EndGlobalSection
	GlobalSection(ExtensibilityGlobals) = postSolution
		SolutionGuid = {49BC33C1-CD79-4AD8-968B-5267B827C94D}
	EndGlobalSection
EndGlobal
